// !$*UTF8*$!
{
	archiveVersion = 1;
	classes = {
	};
	objectVersion = 56;
	objects = {

/* Begin PBXBuildFile section */
		0442D4A129DAE38C00F0F5E8 /* AppDelegate.swift in Sources */ = {isa = PBXBuildFile; fileRef = 0442D4A029DAE38C00F0F5E8 /* AppDelegate.swift */; };
		0442D4A329DAE38C00F0F5E8 /* SceneDelegate.swift in Sources */ = {isa = PBXBuildFile; fileRef = 0442D4A229DAE38C00F0F5E8 /* SceneDelegate.swift */; };
		0442D4A529DAE38C00F0F5E8 /* ViewController.swift in Sources */ = {isa = PBXBuildFile; fileRef = 0442D4A429DAE38C00F0F5E8 /* ViewController.swift */; };
		0442D4A829DAE38C00F0F5E8 /* Main.storyboard in Resources */ = {isa = PBXBuildFile; fileRef = 0442D4A629DAE38C00F0F5E8 /* Main.storyboard */; };
		0442D4AA29DAE38D00F0F5E8 /* Assets.xcassets in Resources */ = {isa = PBXBuildFile; fileRef = 0442D4A929DAE38D00F0F5E8 /* Assets.xcassets */; };
		0442D4AD29DAE38D00F0F5E8 /* LaunchScreen.storyboard in Resources */ = {isa = PBXBuildFile; fileRef = 0442D4AB29DAE38D00F0F5E8 /* LaunchScreen.storyboard */; };
		0442D4B529DAF9E700F0F5E8 /* Utility.swift in Sources */ = {isa = PBXBuildFile; fileRef = 0442D4B429DAF9E700F0F5E8 /* Utility.swift */; };
		0442D4B929DB021F00F0F5E8 /* ServiceController.swift in Sources */ = {isa = PBXBuildFile; fileRef = 0442D4B829DB021F00F0F5E8 /* ServiceController.swift */; };
		0442D4BB29DB0A4800F0F5E8 /* WeatherResponseModel.swift in Sources */ = {isa = PBXBuildFile; fileRef = 0442D4BA29DB0A4800F0F5E8 /* WeatherResponseModel.swift */; };
		045852EF29DC3B9A009EF3E2 /* MyAnnotation.swift in Sources */ = {isa = PBXBuildFile; fileRef = 045852EE29DC3B9A009EF3E2 /* MyAnnotation.swift */; };
		72211FB13EFC261D12D3BA1A /* Pods_Weather.framework in Frameworks */ = {isa = PBXBuildFile; fileRef = 2C186D1457F4EC610A756FA3 /* Pods_Weather.framework */; };
/* End PBXBuildFile section */

/* Begin PBXFileReference section */
		0442D49D29DAE38C00F0F5E8 /* Weather.app */ = {isa = PBXFileReference; explicitFileType = wrapper.application; includeInIndex = 0; path = Weather.app; sourceTree = BUILT_PRODUCTS_DIR; };
		0442D4A029DAE38C00F0F5E8 /* AppDelegate.swift */ = {isa = PBXFileReference; lastKnownFileType = sourcecode.swift; path = AppDelegate.swift; sourceTree = "<group>"; };
		0442D4A229DAE38C00F0F5E8 /* SceneDelegate.swift */ = {isa = PBXFileReference; lastKnownFileType = sourcecode.swift; path = SceneDelegate.swift; sourceTree = "<group>"; };
		0442D4A429DAE38C00F0F5E8 /* ViewController.swift */ = {isa = PBXFileReference; lastKnownFileType = sourcecode.swift; path = ViewController.swift; sourceTree = "<group>"; };
		0442D4A729DAE38C00F0F5E8 /* Base */ = {isa = PBXFileReference; lastKnownFileType = file.storyboard; name = Base; path = Base.lproj/Main.storyboard; sourceTree = "<group>"; };
		0442D4A929DAE38D00F0F5E8 /* Assets.xcassets */ = {isa = PBXFileReference; lastKnownFileType = folder.assetcatalog; path = Assets.xcassets; sourceTree = "<group>"; };
		0442D4AC29DAE38D00F0F5E8 /* Base */ = {isa = PBXFileReference; lastKnownFileType = file.storyboard; name = Base; path = Base.lproj/LaunchScreen.storyboard; sourceTree = "<group>"; };
		0442D4AE29DAE38D00F0F5E8 /* Info.plist */ = {isa = PBXFileReference; lastKnownFileType = text.plist.xml; path = Info.plist; sourceTree = "<group>"; };
		0442D4B429DAF9E700F0F5E8 /* Utility.swift */ = {isa = PBXFileReference; lastKnownFileType = sourcecode.swift; path = Utility.swift; sourceTree = "<group>"; };
		0442D4B829DB021F00F0F5E8 /* ServiceController.swift */ = {isa = PBXFileReference; lastKnownFileType = sourcecode.swift; path = ServiceController.swift; sourceTree = "<group>"; };
		0442D4BA29DB0A4800F0F5E8 /* WeatherResponseModel.swift */ = {isa = PBXFileReference; lastKnownFileType = sourcecode.swift; path = WeatherResponseModel.swift; sourceTree = "<group>"; };
		045852EE29DC3B9A009EF3E2 /* MyAnnotation.swift */ = {isa = PBXFileReference; lastKnownFileType = sourcecode.swift; path = MyAnnotation.swift; sourceTree = "<group>"; };
		2C186D1457F4EC610A756FA3 /* Pods_Weather.framework */ = {isa = PBXFileReference; explicitFileType = wrapper.framework; includeInIndex = 0; path = Pods_Weather.framework; sourceTree = BUILT_PRODUCTS_DIR; };
		73FE030565131ECF2A574F6E /* Pods-Weather.release.xcconfig */ = {isa = PBXFileReference; includeInIndex = 1; lastKnownFileType = text.xcconfig; name = "Pods-Weather.release.xcconfig"; path = "Target Support Files/Pods-Weather/Pods-Weather.release.xcconfig"; sourceTree = "<group>"; };
		804D0D95E81770C085EAA123 /* Pods-Weather.debug.xcconfig */ = {isa = PBXFileReference; includeInIndex = 1; lastKnownFileType = text.xcconfig; name = "Pods-Weather.debug.xcconfig"; path = "Target Support Files/Pods-Weather/Pods-Weather.debug.xcconfig"; sourceTree = "<group>"; };
/* End PBXFileReference section */

/* Begin PBXFrameworksBuildPhase section */
		0442D49A29DAE38C00F0F5E8 /* Frameworks */ = {
			isa = PBXFrameworksBuildPhase;
			buildActionMask = 2147483647;
			files = (
				72211FB13EFC261D12D3BA1A /* Pods_Weather.framework in Frameworks */,
			);
			runOnlyForDeploymentPostprocessing = 0;
		};
/* End PBXFrameworksBuildPhase section */

/* Begin PBXGroup section */
		0442D49429DAE38C00F0F5E8 = {
			isa = PBXGroup;
			children = (
				0442D49F29DAE38C00F0F5E8 /* Weather */,
				0442D49E29DAE38C00F0F5E8 /* Products */,
				BA4F893A55C1095E75950350 /* Pods */,
				0FBA134B1F189B81FF337555 /* Frameworks */,
			);
			sourceTree = "<group>";
		};
		0442D49E29DAE38C00F0F5E8 /* Products */ = {
			isa = PBXGroup;
			children = (
				0442D49D29DAE38C00F0F5E8 /* Weather.app */,
			);
			name = Products;
			sourceTree = "<group>";
		};
		0442D49F29DAE38C00F0F5E8 /* Weather */ = {
			isa = PBXGroup;
			children = (
				0442D4A029DAE38C00F0F5E8 /* AppDelegate.swift */,
				0442D4A229DAE38C00F0F5E8 /* SceneDelegate.swift */,
				0442D4A429DAE38C00F0F5E8 /* ViewController.swift */,
				045852EE29DC3B9A009EF3E2 /* MyAnnotation.swift */,
				0442D4B829DB021F00F0F5E8 /* ServiceController.swift */,
				0442D4BA29DB0A4800F0F5E8 /* WeatherResponseModel.swift */,
				0442D4B429DAF9E700F0F5E8 /* Utility.swift */,
				0442D4A629DAE38C00F0F5E8 /* Main.storyboard */,
				0442D4A929DAE38D00F0F5E8 /* Assets.xcassets */,
				0442D4AB29DAE38D00F0F5E8 /* LaunchScreen.storyboard */,
				0442D4AE29DAE38D00F0F5E8 /* Info.plist */,
			);
			path = Weather;
			sourceTree = "<group>";
		};
		0FBA134B1F189B81FF337555 /* Frameworks */ = {
			isa = PBXGroup;
			children = (
				2C186D1457F4EC610A756FA3 /* Pods_Weather.framework */,
			);
			name = Frameworks;
			sourceTree = "<group>";
		};
		BA4F893A55C1095E75950350 /* Pods */ = {
			isa = PBXGroup;
			children = (
				804D0D95E81770C085EAA123 /* Pods-Weather.debug.xcconfig */,
				73FE030565131ECF2A574F6E /* Pods-Weather.release.xcconfig */,
			);
			path = Pods;
			sourceTree = "<group>";
		};
/* End PBXGroup section */

/* Begin PBXNativeTarget section */
		0442D49C29DAE38C00F0F5E8 /* Weather */ = {
			isa = PBXNativeTarget;
			buildConfigurationList = 0442D4B129DAE38D00F0F5E8 /* Build configuration list for PBXNativeTarget "Weather" */;
			buildPhases = (
				257EF3BD505ACEB8F9002C71 /* [CP] Check Pods Manifest.lock */,
				0442D49929DAE38C00F0F5E8 /* Sources */,
				0442D49A29DAE38C00F0F5E8 /* Frameworks */,
				0442D49B29DAE38C00F0F5E8 /* Resources */,
				94C74317A7C3A96B8D121F79 /* [CP] Embed Pods Frameworks */,
			);
			buildRules = (
			);
			dependencies = (
			);
			name = Weather;
			productName = Weather;
			productReference = 0442D49D29DAE38C00F0F5E8 /* Weather.app */;
			productType = "com.apple.product-type.application";
		};
/* End PBXNativeTarget section */

/* Begin PBXProject section */
		0442D49529DAE38C00F0F5E8 /* Project object */ = {
			isa = PBXProject;
			attributes = {
				BuildIndependentTargetsInParallel = 1;
				LastSwiftUpdateCheck = 1420;
				LastUpgradeCheck = 1420;
				TargetAttributes = {
					0442D49C29DAE38C00F0F5E8 = {
						CreatedOnToolsVersion = 14.2;
					};
				};
			};
			buildConfigurationList = 0442D49829DAE38C00F0F5E8 /* Build configuration list for PBXProject "Weather" */;
			compatibilityVersion = "Xcode 14.0";
			developmentRegion = en;
			hasScannedForEncodings = 0;
			knownRegions = (
				en,
				Base,
			);
			mainGroup = 0442D49429DAE38C00F0F5E8;
			productRefGroup = 0442D49E29DAE38C00F0F5E8 /* Products */;
			projectDirPath = "";
			projectRoot = "";
			targets = (
				0442D49C29DAE38C00F0F5E8 /* Weather */,
			);
		};
/* End PBXProject section */

/* Begin PBXResourcesBuildPhase section */
		0442D49B29DAE38C00F0F5E8 /* Resources */ = {
			isa = PBXResourcesBuildPhase;
			buildActionMask = 2147483647;
			files = (
				0442D4AD29DAE38D00F0F5E8 /* LaunchScreen.storyboard in Resources */,
				0442D4AA29DAE38D00F0F5E8 /* Assets.xcassets in Resources */,
				0442D4A829DAE38C00F0F5E8 /* Main.storyboard in Resources */,
			);
			runOnlyForDeploymentPostprocessing = 0;
		};
/* End PBXResourcesBuildPhase section */

/* Begin PBXShellScriptBuildPhase section */
		257EF3BD505ACEB8F9002C71 /* [CP] Check Pods Manifest.lock */ = {
			isa = PBXShellScriptBuildPhase;
			buildActionMask = 2147483647;
			files = (
			);
			inputFileListPaths = (
			);
			inputPaths = (
				"${PODS_PODFILE_DIR_PATH}/Podfile.lock",
				"${PODS_ROOT}/Manifest.lock",
			);
			name = "[CP] Check Pods Manifest.lock";
			outputFileListPaths = (
			);
			outputPaths = (
				"$(DERIVED_FILE_DIR)/Pods-Weather-checkManifestLockResult.txt",
			);
			runOnlyForDeploymentPostprocessing = 0;
			shellPath = /bin/sh;
			shellScript = "diff \"${PODS_PODFILE_DIR_PATH}/Podfile.lock\" \"${PODS_ROOT}/Manifest.lock\" > /dev/null\nif [ $? != 0 ] ; then\n    # print error to STDERR\n    echo \"error: The sandbox is not in sync with the Podfile.lock. Run 'pod install' or update your CocoaPods installation.\" >&2\n    exit 1\nfi\n# This output is used by Xcode 'outputs' to avoid re-running this script phase.\necho \"SUCCESS\" > \"${SCRIPT_OUTPUT_FILE_0}\"\n";
			showEnvVarsInLog = 0;
		};
		94C74317A7C3A96B8D121F79 /* [CP] Embed Pods Frameworks */ = {
			isa = PBXShellScriptBuildPhase;
			buildActionMask = 2147483647;
			files = (
			);
			inputFileListPaths = (
				"${PODS_ROOT}/Target Support Files/Pods-Weather/Pods-Weather-frameworks-${CONFIGURATION}-input-files.xcfilelist",
			);
			name = "[CP] Embed Pods Frameworks";
			outputFileListPaths = (
				"${PODS_ROOT}/Target Support Files/Pods-Weather/Pods-Weather-frameworks-${CONFIGURATION}-output-files.xcfilelist",
			);
			runOnlyForDeploymentPostprocessing = 0;
			shellPath = /bin/sh;
			shellScript = "\"${PODS_ROOT}/Target Support Files/Pods-Weather/Pods-Weather-frameworks.sh\"\n";
			showEnvVarsInLog = 0;
		};
/* End PBXShellScriptBuildPhase section */

/* Begin PBXSourcesBuildPhase section */
		0442D49929DAE38C00F0F5E8 /* Sources */ = {
			isa = PBXSourcesBuildPhase;
			buildActionMask = 2147483647;
			files = (
				045852EF29DC3B9A009EF3E2 /* MyAnnotation.swift in Sources */,
				0442D4B529DAF9E700F0F5E8 /* Utility.swift in Sources */,
				0442D4BB29DB0A4800F0F5E8 /* WeatherResponseModel.swift in Sources */,
				0442D4A529DAE38C00F0F5E8 /* ViewController.swift in Sources */,
				0442D4A129DAE38C00F0F5E8 /* AppDelegate.swift in Sources */,
				0442D4B929DB021F00F0F5E8 /* ServiceController.swift in Sources */,
				0442D4A329DAE38C00F0F5E8 /* SceneDelegate.swift in Sources */,
			);
			runOnlyForDeploymentPostprocessing = 0;
		};
/* End PBXSourcesBuildPhase section */

/* Begin PBXVariantGroup section */
		0442D4A629DAE38C00F0F5E8 /* Main.storyboard */ = {
			isa = PBXVariantGroup;
			children = (
				0442D4A729DAE38C00F0F5E8 /* Base */,
			);
			name = Main.storyboard;
			sourceTree = "<group>";
		};
		0442D4AB29DAE38D00F0F5E8 /* LaunchScreen.storyboard */ = {
			isa = PBXVariantGroup;
			children = (
				0442D4AC29DAE38D00F0F5E8 /* Base */,
			);
			name = LaunchScreen.storyboard;
			sourceTree = "<group>";
		};
/* End PBXVariantGroup section */

/* Begin XCBuildConfiguration section */
		0442D4AF29DAE38D00F0F5E8 /* Debug */ = {
			isa = XCBuildConfiguration;
			buildSettings = {
				ALWAYS_SEARCH_USER_PATHS = NO;
				CLANG_ANALYZER_NONNULL = YES;
				CLANG_ANALYZER_NUMBER_OBJECT_CONVERSION = YES_AGGRESSIVE;
				CLANG_CXX_LANGUAGE_STANDARD = "gnu++20";
				CLANG_ENABLE_MODULES = YES;
				CLANG_ENABLE_OBJC_ARC = YES;
				CLANG_ENABLE_OBJC_WEAK = YES;
				CLANG_WARN_BLOCK_CAPTURE_AUTORELEASING = YES;
				CLANG_WARN_BOOL_CONVERSION = YES;
				CLANG_WARN_COMMA = YES;
				CLANG_WARN_CONSTANT_CONVERSION = YES;
				CLANG_WARN_DEPRECATED_OBJC_IMPLEMENTATIONS = YES;
				CLANG_WARN_DIRECT_OBJC_ISA_USAGE = YES_ERROR;
				CLANG_WARN_DOCUMENTATION_COMMENTS = YES;
				CLANG_WARN_EMPTY_BODY = YES;
				CLANG_WARN_ENUM_CONVERSION = YES;
				CLANG_WARN_INFINITE_RECURSION = YES;
				CLANG_WARN_INT_CONVERSION = YES;
				CLANG_WARN_NON_LITERAL_NULL_CONVERSION = YES;
				CLANG_WARN_OBJC_IMPLICIT_RETAIN_SELF = YES;
				CLANG_WARN_OBJC_LITERAL_CONVERSION = YES;
				CLANG_WARN_OBJC_ROOT_CLASS = YES_ERROR;
				CLANG_WARN_QUOTED_INCLUDE_IN_FRAMEWORK_HEADER = YES;
				CLANG_WARN_RANGE_LOOP_ANALYSIS = YES;
				CLANG_WARN_STRICT_PROTOTYPES = YES;
				CLANG_WARN_SUSPICIOUS_MOVE = YES;
				CLANG_WARN_UNGUARDED_AVAILABILITY = YES_AGGRESSIVE;
				CLANG_WARN_UNREACHABLE_CODE = YES;
				CLANG_WARN__DUPLICATE_METHOD_MATCH = YES;
				COPY_PHASE_STRIP = NO;
				DEBUG_INFORMATION_FORMAT = dwarf;
				ENABLE_STRICT_OBJC_MSGSEND = YES;
				ENABLE_TESTABILITY = YES;
				GCC_C_LANGUAGE_STANDARD = gnu11;
				GCC_DYNAMIC_NO_PIC = NO;
				GCC_NO_COMMON_BLOCKS = YES;
				GCC_OPTIMIZATION_LEVEL = 0;
				GCC_PREPROCESSOR_DEFINITIONS = (
					"DEBUG=1",
					"$(inherited)",
				);
				GCC_WARN_64_TO_32_BIT_CONVERSION = YES;
				GCC_WARN_ABOUT_RETURN_TYPE = YES_ERROR;
				GCC_WARN_UNDECLARED_SELECTOR = YES;
				GCC_WARN_UNINITIALIZED_AUTOS = YES_AGGRESSIVE;
				GCC_WARN_UNUSED_FUNCTION = YES;
				GCC_WARN_UNUSED_VARIABLE = YES;
				IPHONEOS_DEPLOYMENT_TARGET = 13.0;
				MTL_ENABLE_DEBUG_INFO = INCLUDE_SOURCE;
				MTL_FAST_MATH = YES;
				ONLY_ACTIVE_ARCH = YES;
				SDKROOT = iphoneos;
				SWIFT_ACTIVE_COMPILATION_CONDITIONS = DEBUG;
				SWIFT_OPTIMIZATION_LEVEL = "-Onone";
			};
			name = Debug;
		};
		0442D4B029DAE38D00F0F5E8 /* Release */ = {
			isa = XCBuildConfiguration;
			buildSettings = {
				ALWAYS_SEARCH_USER_PATHS = NO;
				CLANG_ANALYZER_NONNULL = YES;
				CLANG_ANALYZER_NUMBER_OBJECT_CONVERSION = YES_AGGRESSIVE;
				CLANG_CXX_LANGUAGE_STANDARD = "gnu++20";
				CLANG_ENABLE_MODULES = YES;
				CLANG_ENABLE_OBJC_ARC = YES;
				CLANG_ENABLE_OBJC_WEAK = YES;
				CLANG_WARN_BLOCK_CAPTURE_AUTORELEASING = YES;
				CLANG_WARN_BOOL_CONVERSION = YES;
				CLANG_WARN_COMMA = YES;
				CLANG_WARN_CONSTANT_CONVERSION = YES;
				CLANG_WARN_DEPRECATED_OBJC_IMPLEMENTATIONS = YES;
				CLANG_WARN_DIRECT_OBJC_ISA_USAGE = YES_ERROR;
				CLANG_WARN_DOCUMENTATION_COMMENTS = YES;
				CLANG_WARN_EMPTY_BODY = YES;
				CLANG_WARN_ENUM_CONVERSION = YES;
				CLANG_WARN_INFINITE_RECURSION = YES;
				CLANG_WARN_INT_CONVERSION = YES;
				CLANG_WARN_NON_LITERAL_NULL_CONVERSION = YES;
				CLANG_WARN_OBJC_IMPLICIT_RETAIN_SELF = YES;
				CLANG_WARN_OBJC_LITERAL_CONVERSION = YES;
				CLANG_WARN_OBJC_ROOT_CLASS = YES_ERROR;
				CLANG_WARN_QUOTED_INCLUDE_IN_FRAMEWORK_HEADER = YES;
				CLANG_WARN_RANGE_LOOP_ANALYSIS = YES;
				CLANG_WARN_STRICT_PROTOTYPES = YES;
				CLANG_WARN_SUSPICIOUS_MOVE = YES;
				CLANG_WARN_UNGUARDED_AVAILABILITY = YES_AGGRESSIVE;
				CLANG_WARN_UNREACHABLE_CODE = YES;
				CLANG_WARN__DUPLICATE_METHOD_MATCH = YES;
				COPY_PHASE_STRIP = NO;
				DEBUG_INFORMATION_FORMAT = "dwarf-with-dsym";
				ENABLE_NS_ASSERTIONS = NO;
				ENABLE_STRICT_OBJC_MSGSEND = YES;
				GCC_C_LANGUAGE_STANDARD = gnu11;
				GCC_NO_COMMON_BLOCKS = YES;
				GCC_WARN_64_TO_32_BIT_CONVERSION = YES;
				GCC_WARN_ABOUT_RETURN_TYPE = YES_ERROR;
				GCC_WARN_UNDECLARED_SELECTOR = YES;
				GCC_WARN_UNINITIALIZED_AUTOS = YES_AGGRESSIVE;
				GCC_WARN_UNUSED_FUNCTION = YES;
				GCC_WARN_UNUSED_VARIABLE = YES;
				IPHONEOS_DEPLOYMENT_TARGET = 13.0;
				MTL_ENABLE_DEBUG_INFO = NO;
				MTL_FAST_MATH = YES;
				SDKROOT = iphoneos;
				SWIFT_COMPILATION_MODE = wholemodule;
				SWIFT_OPTIMIZATION_LEVEL = "-O";
				VALIDATE_PRODUCT = YES;
			};
			name = Release;
		};
		0442D4B229DAE38D00F0F5E8 /* Debug */ = {
			isa = XCBuildConfiguration;
			baseConfigurationReference = 804D0D95E81770C085EAA123 /* Pods-Weather.debug.xcconfig */;
			buildSettings = {
				ASSETCATALOG_COMPILER_APPICON_NAME = AppIcon;
				ASSETCATALOG_COMPILER_GLOBAL_ACCENT_COLOR_NAME = AccentColor;
				CODE_SIGN_STYLE = Automatic;
				CURRENT_PROJECT_VERSION = 1;
				DEVELOPMENT_TEAM = 96AZL5D2DB;
				GENERATE_INFOPLIST_FILE = YES;
				INFOPLIST_FILE = Weather/Info.plist;
				INFOPLIST_KEY_NSLocationAlwaysAndWhenInUseUsageDescription = "This app uses your location to perdonslize your experience";
				INFOPLIST_KEY_NSLocationAlwaysUsageDescription = "This app uses your location to perdonslize your experience";
				INFOPLIST_KEY_NSLocationWhenInUseUsageDescription = "This app uses your location to perdonslize your experience";
				INFOPLIST_KEY_UIApplicationSupportsIndirectInputEvents = YES;
				INFOPLIST_KEY_UILaunchStoryboardName = LaunchScreen;
				INFOPLIST_KEY_UIMainStoryboardFile = Main;
				INFOPLIST_KEY_UISupportedInterfaceOrientations = UIInterfaceOrientationPortrait;
				IPHONEOS_DEPLOYMENT_TARGET = 13.0;
				LD_RUNPATH_SEARCH_PATHS = (
					"$(inherited)",
					"@executable_path/Frameworks",
				);
				MARKETING_VERSION = 1.0;
				PRODUCT_BUNDLE_IDENTIFIER = com.web.Weather;
				PRODUCT_NAME = "$(TARGET_NAME)";
				SUPPORTED_PLATFORMS = "iphoneos iphonesimulator";
				SUPPORTS_MACCATALYST = NO;
				SUPPORTS_MAC_DESIGNED_FOR_IPHONE_IPAD = NO;
				SWIFT_EMIT_LOC_STRINGS = YES;
				SWIFT_VERSION = 5.0;
				TARGETED_DEVICE_FAMILY = "1,2";
			};
			name = Debug;
		};
		0442D4B329DAE38D00F0F5E8 /* Release */ = {
			isa = XCBuildConfiguration;
			baseConfigurationReference = 73FE030565131ECF2A574F6E /* Pods-Weather.release.xcconfig */;
			buildSettings = {
				ASSETCATALOG_COMPILER_APPICON_NAME = AppIcon;
				ASSETCATALOG_COMPILER_GLOBAL_ACCENT_COLOR_NAME = AccentColor;
				CODE_SIGN_STYLE = Automatic;
				CURRENT_PROJECT_VERSION = 1;
				DEVELOPMENT_TEAM = 96AZL5D2DB;
				GENERATE_INFOPLIST_FILE = YES;
				INFOPLIST_FILE = Weather/Info.plist;
				INFOPLIST_KEY_NSLocationAlwaysAndWhenInUseUsageDescription = "This app uses your location to perdonslize your experience";
				INFOPLIST_KEY_NSLocationAlwaysUsageDescription = "This app uses your location to perdonslize your experience";
				INFOPLIST_KEY_NSLocationWhenInUseUsageDescription = "This app uses your location to perdonslize your experience";
				INFOPLIST_KEY_UIApplicationSupportsIndirectInputEvents = YES;
				INFOPLIST_KEY_UILaunchStoryboardName = LaunchScreen;
				INFOPLIST_KEY_UIMainStoryboardFile = Main;
				INFOPLIST_KEY_UISupportedInterfaceOrientations = UIInterfaceOrientationPortrait;
				IPHONEOS_DEPLOYMENT_TARGET = 13.0;
				LD_RUNPATH_SEARCH_PATHS = (
					"$(inherited)",
					"@executable_path/Frameworks",
				);
				MARKETING_VERSION = 1.0;
				PRODUCT_BUNDLE_IDENTIFIER = com.web.Weather;
				PRODUCT_NAME = "$(TARGET_NAME)";
				SUPPORTED_PLATFORMS = "iphoneos iphonesimulator";
				SUPPORTS_MACCATALYST = NO;
				SUPPORTS_MAC_DESIGNED_FOR_IPHONE_IPAD = NO;
				SWIFT_EMIT_LOC_STRINGS = YES;
				SWIFT_VERSION = 5.0;
				TARGETED_DEVICE_FAMILY = "1,2";
			};
			name = Release;
		};
/* End XCBuildConfiguration section */

/* Begin XCConfigurationList section */
		0442D49829DAE38C00F0F5E8 /* Build configuration list for PBXProject "Weather" */ = {
			isa = XCConfigurationList;
			buildConfigurations = (
				0442D4AF29DAE38D00F0F5E8 /* Debug */,
				0442D4B029DAE38D00F0F5E8 /* Release */,
			);
			defaultConfigurationIsVisible = 0;
			defaultConfigurationName = Release;
		};
		0442D4B129DAE38D00F0F5E8 /* Build configuration list for PBXNativeTarget "Weather" */ = {
			isa = XCConfigurationList;
			buildConfigurations = (
				0442D4B229DAE38D00F0F5E8 /* Debug */,
				0442D4B329DAE38D00F0F5E8 /* Release */,
			);
			defaultConfigurationIsVisible = 0;
			defaultConfigurationName = Release;
		};
/* End XCConfigurationList section */
	};
	rootObject = 0442D49529DAE38C00F0F5E8 /* Project object */;
}
